<?xml version="1.0" encoding="UTF-8"?>
<CONFIG>
  <ProjectOptions>
    <Version Value="9"/>
    <General>
      <Flags>
        <MainUnitHasUsesSectionForAllUnits Value="False"/>
        <MainUnitHasCreateFormStatements Value="False"/>
        <MainUnitHasTitleStatement Value="False"/>
      </Flags>
      <SessionStorage Value="InProjectDir"/>
      <MainUnit Value="0"/>
      <Title Value="Heathcliff"/>
      <UseAppBundle Value="False"/>
      <ResourceType Value="res"/>
    </General>
    <i18n>
      <EnableI18N LFM="False"/>
    </i18n>
    <VersionInfo>
      <StringTable ProductVersion=""/>
    </VersionInfo>
    <BuildModes Count="1">
      <Item1 Name="Default" Default="True"/>
    </BuildModes>
    <PublishOptions>
      <Version Value="2"/>
    </PublishOptions>
    <RunParams>
      <local>
        <FormatVersion Value="1"/>
      </local>
    </RunParams>
    <RequiredPackages Count="1">
      <Item1>
        <PackageName Value="LCL"/>
      </Item1>
    </RequiredPackages>
    <Units Count="12">
      <Unit0>
        <Filename Value="Heathcliff.lpr"/>
        <IsPartOfProject Value="True"/>
      </Unit0>
      <Unit1>
        <Filename Value="FormUnitStatus.pas"/>
        <IsPartOfProject Value="True"/>
        <ComponentName Value="FormStatus"/>
        <HasResources Value="True"/>
        <ResourceBaseClass Value="Form"/>
        <UnitName Value="FormUnitStatus"/>
      </Unit1>
      <Unit2>
        <Filename Value="FormUnitColors.pas"/>
        <IsPartOfProject Value="True"/>
        <ComponentName Value="FormColors"/>
        <HasResources Value="True"/>
        <ResourceBaseClass Value="Form"/>
        <UnitName Value="FormUnitColors"/>
      </Unit2>
      <Unit3>
        <Filename Value="FormUnitDebug.pas"/>
        <IsPartOfProject Value="True"/>
        <ComponentName Value="FormDebug"/>
        <HasResources Value="True"/>
        <ResourceBaseClass Value="Form"/>
        <UnitName Value="FormUnitDebug"/>
      </Unit3>
      <Unit4>
        <Filename Value="FormUnitDelays.pas"/>
        <IsPartOfProject Value="True"/>
        <ComponentName Value="FormDelays"/>
        <HasResources Value="True"/>
        <ResourceBaseClass Value="Form"/>
        <UnitName Value="FormUnitDelays"/>
      </Unit4>
      <Unit5>
        <Filename Value="FormUnitHelpLines.pas"/>
        <IsPartOfProject Value="True"/>
        <ComponentName Value="FormHelpLines"/>
        <HasResources Value="True"/>
        <ResourceBaseClass Value="Form"/>
        <UnitName Value="FormUnitHelpLines"/>
      </Unit5>
      <Unit6>
        <Filename Value="FormUnitImport.pas"/>
        <IsPartOfProject Value="True"/>
        <HasResources Value="True"/>
        <UnitName Value="FormUnitImport"/>
      </Unit6>
      <Unit7>
        <Filename Value="FormUnitLicense.pas"/>
        <IsPartOfProject Value="True"/>
        <ComponentName Value="FormLicense"/>
        <HasResources Value="True"/>
        <ResourceBaseClass Value="Form"/>
        <UnitName Value="FormUnitLicense"/>
      </Unit7>
      <Unit8>
        <Filename Value="FormUnitMain.pas"/>
        <IsPartOfProject Value="True"/>
        <ComponentName Value="FormMain"/>
        <HasResources Value="True"/>
        <ResourceBaseClass Value="Form"/>
        <UnitName Value="FormUnitMain"/>
      </Unit8>
      <Unit9>
        <Filename Value="FormUnitPad.pas"/>
        <IsPartOfProject Value="True"/>
        <ComponentName Value="FormSketchpad"/>
        <HasResources Value="True"/>
        <ResourceBaseClass Value="Form"/>
        <UnitName Value="FormUnitPad"/>
      </Unit9>
      <Unit10>
        <Filename Value="FormUnitPick.pas"/>
        <IsPartOfProject Value="True"/>
        <ComponentName Value="FormPickImage"/>
        <HasResources Value="True"/>
        <ResourceBaseClass Value="Form"/>
        <UnitName Value="FormUnitPick"/>
      </Unit10>
      <Unit11>
        <Filename Value="FormUnitPreview.pas"/>
        <IsPartOfProject Value="True"/>
        <ComponentName Value="FormPreview"/>
        <HasResources Value="True"/>
        <ResourceBaseClass Value="Form"/>
        <UnitName Value="FormUnitPreview"/>
      </Unit11>
    </Units>
  </ProjectOptions>
  <CompilerOptions>
    <Version Value="11"/>
    <SearchPaths>
      <IncludeFiles Value="$(ProjOutDir)"/>
      <UnitOutputDirectory Value="lib"/>
    </SearchPaths>
    <Parsing>
      <SyntaxOptions>
        <SyntaxMode Value="Delphi"/>
      </SyntaxOptions>
    </Parsing>
    <Linking>
      <Options>
        <Win32>
          <GraphicApplication Value="True"/>
        </Win32>
      </Options>
    </Linking>
    <Other>
      <CompilerMessages>
        <MsgFileName Value=""/>
      </CompilerMessages>
      <CustomOptions Value="-dBorland -dVer150 -dDelphi7 -dCompiler6_Up -dPUREPASCAL"/>
      <CompilerPath Value="$(CompPath)"/>
    </Other>
  </CompilerOptions>
  <Debugging>
    <Exceptions Count="4">
      <Item1>
        <Name Value="EAbort"/>
      </Item1>
      <Item2>
        <Name Value="ECodetoolError"/>
      </Item2>
      <Item3>
        <Name Value="EFOpenError"/>
      </Item3>
      <Item4>
        <Name Value="ERegistryException"/>
      </Item4>
    </Exceptions>
  </Debugging>
</CONFIG>
